// !$*UTF8*$!
{
	archiveVersion = 1;
	classes = {
	};
	objectVersion = 51;
	objects = {

/* Begin PBXBuildFile section */
		17F533FD2ED296262F975177 /* Pods_homeWork2_11.framework in Frameworks */ = {isa = PBXBuildFile; fileRef = 9EFEDA3706F059FC4FF1CE70 /* Pods_homeWork2_11.framework */; };
		7A7E2CB5268707B800DA6ED8 /* AppDelegate.swift in Sources */ = {isa = PBXBuildFile; fileRef = 7A7E2CB4268707B800DA6ED8 /* AppDelegate.swift */; };
		7A7E2CB7268707B800DA6ED8 /* SceneDelegate.swift in Sources */ = {isa = PBXBuildFile; fileRef = 7A7E2CB6268707B800DA6ED8 /* SceneDelegate.swift */; };
		7A7E2CB9268707B800DA6ED8 /* MainViewController.swift in Sources */ = {isa = PBXBuildFile; fileRef = 7A7E2CB8268707B800DA6ED8 /* MainViewController.swift */; };
		7A7E2CBC268707B800DA6ED8 /* Main.storyboard in Resources */ = {isa = PBXBuildFile; fileRef = 7A7E2CBA268707B800DA6ED8 /* Main.storyboard */; };
		7A7E2CBE268707BA00DA6ED8 /* Assets.xcassets in Resources */ = {isa = PBXBuildFile; fileRef = 7A7E2CBD268707BA00DA6ED8 /* Assets.xcassets */; };
		7A7E2CC1268707BA00DA6ED8 /* LaunchScreen.storyboard in Resources */ = {isa = PBXBuildFile; fileRef = 7A7E2CBF268707BA00DA6ED8 /* LaunchScreen.storyboard */; };
		7A7E2CC926870A5800DA6ED8 /* InfoViewController.swift in Sources */ = {isa = PBXBuildFile; fileRef = 7A7E2CC826870A5800DA6ED8 /* InfoViewController.swift */; };
		7A7E2CCE26871D0300DA6ED8 /* CountryInfoData.swift in Sources */ = {isa = PBXBuildFile; fileRef = 7A7E2CCD26871D0300DA6ED8 /* CountryInfoData.swift */; };
		7A7E2CD0268723F300DA6ED8 /* TotalInfoData.swift in Sources */ = {isa = PBXBuildFile; fileRef = 7A7E2CCF268723F300DA6ED8 /* TotalInfoData.swift */; };
		7A7E2CD32688103C00DA6ED8 /* Constants.swift in Sources */ = {isa = PBXBuildFile; fileRef = 7A7E2CD22688103C00DA6ED8 /* Constants.swift */; };
		7A7E2CD526881E9D00DA6ED8 /* NetworkTotalInfoManager.swift in Sources */ = {isa = PBXBuildFile; fileRef = 7A7E2CD426881E9D00DA6ED8 /* NetworkTotalInfoManager.swift */; };
		7A7E2CDB26883A1300DA6ED8 /* NetworkCountryInfoManager.swift in Sources */ = {isa = PBXBuildFile; fileRef = 7A7E2CDA26883A1300DA6ED8 /* NetworkCountryInfoManager.swift */; };
		7AD6CCB4268CA0000041CCF7 /* .gitignore in Resources */ = {isa = PBXBuildFile; fileRef = 7AD6CCB3268CA0000041CCF7 /* .gitignore */; };
		7AD6CCB6268CA4600041CCF7 /* Int+Extensions.swift in Sources */ = {isa = PBXBuildFile; fileRef = 7AD6CCB5268CA4600041CCF7 /* Int+Extensions.swift */; };
/* End PBXBuildFile section */

/* Begin PBXFileReference section */
		3653078A0814F889F6605DDB /* Pods-homeWork2.11.debug.xcconfig */ = {isa = PBXFileReference; includeInIndex = 1; lastKnownFileType = text.xcconfig; name = "Pods-homeWork2.11.debug.xcconfig"; path = "Target Support Files/Pods-homeWork2.11/Pods-homeWork2.11.debug.xcconfig"; sourceTree = "<group>"; };
		7A7E2CB1268707B800DA6ED8 /* homeWork2.11.app */ = {isa = PBXFileReference; explicitFileType = wrapper.application; includeInIndex = 0; path = homeWork2.11.app; sourceTree = BUILT_PRODUCTS_DIR; };
		7A7E2CB4268707B800DA6ED8 /* AppDelegate.swift */ = {isa = PBXFileReference; lastKnownFileType = sourcecode.swift; path = AppDelegate.swift; sourceTree = "<group>"; };
		7A7E2CB6268707B800DA6ED8 /* SceneDelegate.swift */ = {isa = PBXFileReference; lastKnownFileType = sourcecode.swift; path = SceneDelegate.swift; sourceTree = "<group>"; };
		7A7E2CB8268707B800DA6ED8 /* MainViewController.swift */ = {isa = PBXFileReference; lastKnownFileType = sourcecode.swift; path = MainViewController.swift; sourceTree = "<group>"; };
		7A7E2CBB268707B800DA6ED8 /* Base */ = {isa = PBXFileReference; lastKnownFileType = file.storyboard; name = Base; path = Base.lproj/Main.storyboard; sourceTree = "<group>"; };
		7A7E2CBD268707BA00DA6ED8 /* Assets.xcassets */ = {isa = PBXFileReference; lastKnownFileType = folder.assetcatalog; path = Assets.xcassets; sourceTree = "<group>"; };
		7A7E2CC0268707BA00DA6ED8 /* Base */ = {isa = PBXFileReference; lastKnownFileType = file.storyboard; name = Base; path = Base.lproj/LaunchScreen.storyboard; sourceTree = "<group>"; };
		7A7E2CC2268707BA00DA6ED8 /* Info.plist */ = {isa = PBXFileReference; lastKnownFileType = text.plist.xml; path = Info.plist; sourceTree = "<group>"; };
		7A7E2CC826870A5800DA6ED8 /* InfoViewController.swift */ = {isa = PBXFileReference; lastKnownFileType = sourcecode.swift; path = InfoViewController.swift; sourceTree = "<group>"; };
		7A7E2CCD26871D0300DA6ED8 /* CountryInfoData.swift */ = {isa = PBXFileReference; lastKnownFileType = sourcecode.swift; path = CountryInfoData.swift; sourceTree = "<group>"; };
		7A7E2CCF268723F300DA6ED8 /* TotalInfoData.swift */ = {isa = PBXFileReference; lastKnownFileType = sourcecode.swift; path = TotalInfoData.swift; sourceTree = "<group>"; };
		7A7E2CD22688103C00DA6ED8 /* Constants.swift */ = {isa = PBXFileReference; lastKnownFileType = sourcecode.swift; path = Constants.swift; sourceTree = "<group>"; };
		7A7E2CD426881E9D00DA6ED8 /* NetworkTotalInfoManager.swift */ = {isa = PBXFileReference; lastKnownFileType = sourcecode.swift; path = NetworkTotalInfoManager.swift; sourceTree = "<group>"; };
		7A7E2CDA26883A1300DA6ED8 /* NetworkCountryInfoManager.swift */ = {isa = PBXFileReference; lastKnownFileType = sourcecode.swift; path = NetworkCountryInfoManager.swift; sourceTree = "<group>"; };
		7AD6CCB3268CA0000041CCF7 /* .gitignore */ = {isa = PBXFileReference; lastKnownFileType = text; path = .gitignore; sourceTree = "<group>"; };
		7AD6CCB5268CA4600041CCF7 /* Int+Extensions.swift */ = {isa = PBXFileReference; lastKnownFileType = sourcecode.swift; path = "Int+Extensions.swift"; sourceTree = "<group>"; };
		9EFEDA3706F059FC4FF1CE70 /* Pods_homeWork2_11.framework */ = {isa = PBXFileReference; explicitFileType = wrapper.framework; includeInIndex = 0; path = Pods_homeWork2_11.framework; sourceTree = BUILT_PRODUCTS_DIR; };
		C6730785B37BC6DDF66B9800 /* Pods-homeWork2.11.release.xcconfig */ = {isa = PBXFileReference; includeInIndex = 1; lastKnownFileType = text.xcconfig; name = "Pods-homeWork2.11.release.xcconfig"; path = "Target Support Files/Pods-homeWork2.11/Pods-homeWork2.11.release.xcconfig"; sourceTree = "<group>"; };
/* End PBXFileReference section */

/* Begin PBXFrameworksBuildPhase section */
		7A7E2CAE268707B800DA6ED8 /* Frameworks */ = {
			isa = PBXFrameworksBuildPhase;
			buildActionMask = 2147483647;
			files = (
				17F533FD2ED296262F975177 /* Pods_homeWork2_11.framework in Frameworks */,
			);
			runOnlyForDeploymentPostprocessing = 0;
		};
/* End PBXFrameworksBuildPhase section */

/* Begin PBXGroup section */
		2EA03E63C4456F064958ACA0 /* Frameworks */ = {
			isa = PBXGroup;
			children = (
				9EFEDA3706F059FC4FF1CE70 /* Pods_homeWork2_11.framework */,
			);
			name = Frameworks;
			sourceTree = "<group>";
		};
		3B3CCFAC2EB5611918D2451F /* Pods */ = {
			isa = PBXGroup;
			children = (
				3653078A0814F889F6605DDB /* Pods-homeWork2.11.debug.xcconfig */,
				C6730785B37BC6DDF66B9800 /* Pods-homeWork2.11.release.xcconfig */,
			);
			path = Pods;
			sourceTree = "<group>";
		};
		7A7E2CA8268707B800DA6ED8 = {
			isa = PBXGroup;
			children = (
				7A7E2CB3268707B800DA6ED8 /* homeWork2.11 */,
				7A7E2CB2268707B800DA6ED8 /* Products */,
				3B3CCFAC2EB5611918D2451F /* Pods */,
				2EA03E63C4456F064958ACA0 /* Frameworks */,
			);
			sourceTree = "<group>";
		};
		7A7E2CB2268707B800DA6ED8 /* Products */ = {
			isa = PBXGroup;
			children = (
				7A7E2CB1268707B800DA6ED8 /* homeWork2.11.app */,
			);
			name = Products;
			sourceTree = "<group>";
		};
		7A7E2CB3268707B800DA6ED8 /* homeWork2.11 */ = {
			isa = PBXGroup;
			children = (
				7AD6CCB7268D1AB50041CCF7 /* Extensions */,
				7AD6CCB2268C64CE0041CCF7 /* Managers */,
				7A7E2CD126880FF800DA6ED8 /* Supporting files */,
				7A7E2CCC26871C4500DA6ED8 /* Models */,
				7A7E2CCB26870AA800DA6ED8 /* Stortboards */,
				7A7E2CCA26870A7300DA6ED8 /* View Controllers */,
				7AD6CCB3268CA0000041CCF7 /* .gitignore */,
			);
			path = homeWork2.11;
			sourceTree = "<group>";
		};
		7A7E2CCA26870A7300DA6ED8 /* View Controllers */ = {
			isa = PBXGroup;
			children = (
				7A7E2CB8268707B800DA6ED8 /* MainViewController.swift */,
				7A7E2CC826870A5800DA6ED8 /* InfoViewController.swift */,
			);
			path = "View Controllers";
			sourceTree = "<group>";
		};
		7A7E2CCB26870AA800DA6ED8 /* Stortboards */ = {
			isa = PBXGroup;
			children = (
				7A7E2CBA268707B800DA6ED8 /* Main.storyboard */,
				7A7E2CBF268707BA00DA6ED8 /* LaunchScreen.storyboard */,
			);
			path = Stortboards;
			sourceTree = "<group>";
		};
		7A7E2CCC26871C4500DA6ED8 /* Models */ = {
			isa = PBXGroup;
			children = (
				7A7E2CCF268723F300DA6ED8 /* TotalInfoData.swift */,
				7A7E2CCD26871D0300DA6ED8 /* CountryInfoData.swift */,
			);
			path = Models;
			sourceTree = "<group>";
		};
		7A7E2CD126880FF800DA6ED8 /* Supporting files */ = {
			isa = PBXGroup;
			children = (
				7A7E2CBD268707BA00DA6ED8 /* Assets.xcassets */,
				7A7E2CB6268707B800DA6ED8 /* SceneDelegate.swift */,
				7A7E2CC2268707BA00DA6ED8 /* Info.plist */,
				7A7E2CB4268707B800DA6ED8 /* AppDelegate.swift */,
				7A7E2CD22688103C00DA6ED8 /* Constants.swift */,
			);
			path = "Supporting files";
			sourceTree = "<group>";
		};
		7AD6CCB2268C64CE0041CCF7 /* Managers */ = {
			isa = PBXGroup;
			children = (
				7A7E2CD426881E9D00DA6ED8 /* NetworkTotalInfoManager.swift */,
				7A7E2CDA26883A1300DA6ED8 /* NetworkCountryInfoManager.swift */,
			);
			path = Managers;
			sourceTree = "<group>";
		};
		7AD6CCB7268D1AB50041CCF7 /* Extensions */ = {
			isa = PBXGroup;
			children = (
				7AD6CCB5268CA4600041CCF7 /* Int+Extensions.swift */,
			);
			path = Extensions;
			sourceTree = "<group>";
		};
/* End PBXGroup section */

/* Begin PBXNativeTarget section */
		7A7E2CB0268707B800DA6ED8 /* homeWork2.11 */ = {
			isa = PBXNativeTarget;
			buildConfigurationList = 7A7E2CC5268707BA00DA6ED8 /* Build configuration list for PBXNativeTarget "homeWork2.11" */;
			buildPhases = (
				224D2FF33E54B3425BF2650A /* [CP] Check Pods Manifest.lock */,
				7A7E2CAD268707B800DA6ED8 /* Sources */,
				7A7E2CAE268707B800DA6ED8 /* Frameworks */,
				7A7E2CAF268707B800DA6ED8 /* Resources */,
				FD96630E281F0B5C96CDDA1A /* [CP] Embed Pods Frameworks */,
			);
			buildRules = (
			);
			dependencies = (
			);
			name = homeWork2.11;
			productName = homeWork2.10;
			productReference = 7A7E2CB1268707B800DA6ED8 /* homeWork2.11.app */;
			productType = "com.apple.product-type.application";
		};
/* End PBXNativeTarget section */

/* Begin PBXProject section */
		7A7E2CA9268707B800DA6ED8 /* Project object */ = {
			isa = PBXProject;
			attributes = {
				LastSwiftUpdateCheck = 1250;
				LastUpgradeCheck = 1250;
				TargetAttributes = {
					7A7E2CB0268707B800DA6ED8 = {
						CreatedOnToolsVersion = 12.5;
					};
				};
			};
			buildConfigurationList = 7A7E2CAC268707B800DA6ED8 /* Build configuration list for PBXProject "homeWork2.11" */;
			compatibilityVersion = "Xcode 9.3";
			developmentRegion = en;
			hasScannedForEncodings = 0;
			knownRegions = (
				en,
				Base,
			);
			mainGroup = 7A7E2CA8268707B800DA6ED8;
			productRefGroup = 7A7E2CB2268707B800DA6ED8 /* Products */;
			projectDirPath = "";
			projectRoot = "";
			targets = (
				7A7E2CB0268707B800DA6ED8 /* homeWork2.11 */,
			);
		};
/* End PBXProject section */

/* Begin PBXResourcesBuildPhase section */
		7A7E2CAF268707B800DA6ED8 /* Resources */ = {
			isa = PBXResourcesBuildPhase;
			buildActionMask = 2147483647;
			files = (
				7AD6CCB4268CA0000041CCF7 /* .gitignore in Resources */,
				7A7E2CC1268707BA00DA6ED8 /* LaunchScreen.storyboard in Resources */,
				7A7E2CBE268707BA00DA6ED8 /* Assets.xcassets in Resources */,
				7A7E2CBC268707B800DA6ED8 /* Main.storyboard in Resources */,
			);
			runOnlyForDeploymentPostprocessing = 0;
		};
/* End PBXResourcesBuildPhase section */

/* Begin PBXShellScriptBuildPhase section */
		224D2FF33E54B3425BF2650A /* [CP] Check Pods Manifest.lock */ = {
			isa = PBXShellScriptBuildPhase;
			buildActionMask = 2147483647;
			files = (
			);
			inputFileListPaths = (
			);
			inputPaths = (
				"${PODS_PODFILE_DIR_PATH}/Podfile.lock",
				"${PODS_ROOT}/Manifest.lock",
			);
			name = "[CP] Check Pods Manifest.lock";
			outputFileListPaths = (
			);
			outputPaths = (
				"$(DERIVED_FILE_DIR)/Pods-homeWork2.11-checkManifestLockResult.txt",
			);
			runOnlyForDeploymentPostprocessing = 0;
			shellPath = /bin/sh;
			shellScript = "diff \"${PODS_PODFILE_DIR_PATH}/Podfile.lock\" \"${PODS_ROOT}/Manifest.lock\" > /dev/null\nif [ $? != 0 ] ; then\n    # print error to STDERR\n    echo \"error: The sandbox is not in sync with the Podfile.lock. Run 'pod install' or update your CocoaPods installation.\" >&2\n    exit 1\nfi\n# This output is used by Xcode 'outputs' to avoid re-running this script phase.\necho \"SUCCESS\" > \"${SCRIPT_OUTPUT_FILE_0}\"\n";
			showEnvVarsInLog = 0;
		};
		FD96630E281F0B5C96CDDA1A /* [CP] Embed Pods Frameworks */ = {
			isa = PBXShellScriptBuildPhase;
			buildActionMask = 2147483647;
			files = (
			);
			inputFileListPaths = (
				"${PODS_ROOT}/Target Support Files/Pods-homeWork2.11/Pods-homeWork2.11-frameworks-${CONFIGURATION}-input-files.xcfilelist",
			);
			name = "[CP] Embed Pods Frameworks";
			outputFileListPaths = (
				"${PODS_ROOT}/Target Support Files/Pods-homeWork2.11/Pods-homeWork2.11-frameworks-${CONFIGURATION}-output-files.xcfilelist",
			);
			runOnlyForDeploymentPostprocessing = 0;
			shellPath = /bin/sh;
			shellScript = "\"${PODS_ROOT}/Target Support Files/Pods-homeWork2.11/Pods-homeWork2.11-frameworks.sh\"\n";
			showEnvVarsInLog = 0;
		};
/* End PBXShellScriptBuildPhase section */

/* Begin PBXSourcesBuildPhase section */
		7A7E2CAD268707B800DA6ED8 /* Sources */ = {
			isa = PBXSourcesBuildPhase;
			buildActionMask = 2147483647;
			files = (
				7A7E2CB9268707B800DA6ED8 /* MainViewController.swift in Sources */,
				7A7E2CB5268707B800DA6ED8 /* AppDelegate.swift in Sources */,
				7A7E2CD0268723F300DA6ED8 /* TotalInfoData.swift in Sources */,
				7A7E2CC926870A5800DA6ED8 /* InfoViewController.swift in Sources */,
				7A7E2CDB26883A1300DA6ED8 /* NetworkCountryInfoManager.swift in Sources */,
				7A7E2CD32688103C00DA6ED8 /* Constants.swift in Sources */,
				7AD6CCB6268CA4600041CCF7 /* Int+Extensions.swift in Sources */,
				7A7E2CD526881E9D00DA6ED8 /* NetworkTotalInfoManager.swift in Sources */,
				7A7E2CCE26871D0300DA6ED8 /* CountryInfoData.swift in Sources */,
				7A7E2CB7268707B800DA6ED8 /* SceneDelegate.swift in Sources */,
			);
			runOnlyForDeploymentPostprocessing = 0;
		};
/* End PBXSourcesBuildPhase section */

/* Begin PBXVariantGroup section */
		7A7E2CBA268707B800DA6ED8 /* Main.storyboard */ = {
			isa = PBXVariantGroup;
			children = (
				7A7E2CBB268707B800DA6ED8 /* Base */,
			);
			name = Main.storyboard;
			sourceTree = "<group>";
		};
		7A7E2CBF268707BA00DA6ED8 /* LaunchScreen.storyboard */ = {
			isa = PBXVariantGroup;
			children = (
				7A7E2CC0268707BA00DA6ED8 /* Base */,
			);
			name = LaunchScreen.storyboard;
			sourceTree = "<group>";
		};
/* End PBXVariantGroup section */

/* Begin XCBuildConfiguration section */
		7A7E2CC3268707BA00DA6ED8 /* Debug */ = {
			isa = XCBuildConfiguration;
			buildSettings = {
				ALWAYS_SEARCH_USER_PATHS = NO;
				CLANG_ANALYZER_NONNULL = YES;
				CLANG_ANALYZER_NUMBER_OBJECT_CONVERSION = YES_AGGRESSIVE;
				CLANG_CXX_LANGUAGE_STANDARD = "gnu++14";
				CLANG_CXX_LIBRARY = "libc++";
				CLANG_ENABLE_MODULES = YES;
				CLANG_ENABLE_OBJC_ARC = YES;
				CLANG_ENABLE_OBJC_WEAK = YES;
				CLANG_WARN_BLOCK_CAPTURE_AUTORELEASING = YES;
				CLANG_WARN_BOOL_CONVERSION = YES;
				CLANG_WARN_COMMA = YES;
				CLANG_WARN_CONSTANT_CONVERSION = YES;
				CLANG_WARN_DEPRECATED_OBJC_IMPLEMENTATIONS = YES;
				CLANG_WARN_DIRECT_OBJC_ISA_USAGE = YES_ERROR;
				CLANG_WARN_DOCUMENTATION_COMMENTS = YES;
				CLANG_WARN_EMPTY_BODY = YES;
				CLANG_WARN_ENUM_CONVERSION = YES;
				CLANG_WARN_INFINITE_RECURSION = YES;
				CLANG_WARN_INT_CONVERSION = YES;
				CLANG_WARN_NON_LITERAL_NULL_CONVERSION = YES;
				CLANG_WARN_OBJC_IMPLICIT_RETAIN_SELF = YES;
				CLANG_WARN_OBJC_LITERAL_CONVERSION = YES;
				CLANG_WARN_OBJC_ROOT_CLASS = YES_ERROR;
				CLANG_WARN_QUOTED_INCLUDE_IN_FRAMEWORK_HEADER = YES;
				CLANG_WARN_RANGE_LOOP_ANALYSIS = YES;
				CLANG_WARN_STRICT_PROTOTYPES = YES;
				CLANG_WARN_SUSPICIOUS_MOVE = YES;
				CLANG_WARN_UNGUARDED_AVAILABILITY = YES_AGGRESSIVE;
				CLANG_WARN_UNREACHABLE_CODE = YES;
				CLANG_WARN__DUPLICATE_METHOD_MATCH = YES;
				COPY_PHASE_STRIP = NO;
				DEBUG_INFORMATION_FORMAT = dwarf;
				ENABLE_STRICT_OBJC_MSGSEND = YES;
				ENABLE_TESTABILITY = YES;
				GCC_C_LANGUAGE_STANDARD = gnu11;
				GCC_DYNAMIC_NO_PIC = NO;
				GCC_NO_COMMON_BLOCKS = YES;
				GCC_OPTIMIZATION_LEVEL = 0;
				GCC_PREPROCESSOR_DEFINITIONS = (
					"DEBUG=1",
					"$(inherited)",
				);
				GCC_WARN_64_TO_32_BIT_CONVERSION = YES;
				GCC_WARN_ABOUT_RETURN_TYPE = YES_ERROR;
				GCC_WARN_UNDECLARED_SELECTOR = YES;
				GCC_WARN_UNINITIALIZED_AUTOS = YES_AGGRESSIVE;
				GCC_WARN_UNUSED_FUNCTION = YES;
				GCC_WARN_UNUSED_VARIABLE = YES;
				IPHONEOS_DEPLOYMENT_TARGET = 14.5;
				MTL_ENABLE_DEBUG_INFO = INCLUDE_SOURCE;
				MTL_FAST_MATH = YES;
				ONLY_ACTIVE_ARCH = YES;
				SDKROOT = iphoneos;
				SWIFT_ACTIVE_COMPILATION_CONDITIONS = DEBUG;
				SWIFT_OPTIMIZATION_LEVEL = "-Onone";
			};
			name = Debug;
		};
		7A7E2CC4268707BA00DA6ED8 /* Release */ = {
			isa = XCBuildConfiguration;
			buildSettings = {
				ALWAYS_SEARCH_USER_PATHS = NO;
				CLANG_ANALYZER_NONNULL = YES;
				CLANG_ANALYZER_NUMBER_OBJECT_CONVERSION = YES_AGGRESSIVE;
				CLANG_CXX_LANGUAGE_STANDARD = "gnu++14";
				CLANG_CXX_LIBRARY = "libc++";
				CLANG_ENABLE_MODULES = YES;
				CLANG_ENABLE_OBJC_ARC = YES;
				CLANG_ENABLE_OBJC_WEAK = YES;
				CLANG_WARN_BLOCK_CAPTURE_AUTORELEASING = YES;
				CLANG_WARN_BOOL_CONVERSION = YES;
				CLANG_WARN_COMMA = YES;
				CLANG_WARN_CONSTANT_CONVERSION = YES;
				CLANG_WARN_DEPRECATED_OBJC_IMPLEMENTATIONS = YES;
				CLANG_WARN_DIRECT_OBJC_ISA_USAGE = YES_ERROR;
				CLANG_WARN_DOCUMENTATION_COMMENTS = YES;
				CLANG_WARN_EMPTY_BODY = YES;
				CLANG_WARN_ENUM_CONVERSION = YES;
				CLANG_WARN_INFINITE_RECURSION = YES;
				CLANG_WARN_INT_CONVERSION = YES;
				CLANG_WARN_NON_LITERAL_NULL_CONVERSION = YES;
				CLANG_WARN_OBJC_IMPLICIT_RETAIN_SELF = YES;
				CLANG_WARN_OBJC_LITERAL_CONVERSION = YES;
				CLANG_WARN_OBJC_ROOT_CLASS = YES_ERROR;
				CLANG_WARN_QUOTED_INCLUDE_IN_FRAMEWORK_HEADER = YES;
				CLANG_WARN_RANGE_LOOP_ANALYSIS = YES;
				CLANG_WARN_STRICT_PROTOTYPES = YES;
				CLANG_WARN_SUSPICIOUS_MOVE = YES;
				CLANG_WARN_UNGUARDED_AVAILABILITY = YES_AGGRESSIVE;
				CLANG_WARN_UNREACHABLE_CODE = YES;
				CLANG_WARN__DUPLICATE_METHOD_MATCH = YES;
				COPY_PHASE_STRIP = NO;
				DEBUG_INFORMATION_FORMAT = "dwarf-with-dsym";
				ENABLE_NS_ASSERTIONS = NO;
				ENABLE_STRICT_OBJC_MSGSEND = YES;
				GCC_C_LANGUAGE_STANDARD = gnu11;
				GCC_NO_COMMON_BLOCKS = YES;
				GCC_WARN_64_TO_32_BIT_CONVERSION = YES;
				GCC_WARN_ABOUT_RETURN_TYPE = YES_ERROR;
				GCC_WARN_UNDECLARED_SELECTOR = YES;
				GCC_WARN_UNINITIALIZED_AUTOS = YES_AGGRESSIVE;
				GCC_WARN_UNUSED_FUNCTION = YES;
				GCC_WARN_UNUSED_VARIABLE = YES;
				IPHONEOS_DEPLOYMENT_TARGET = 14.5;
				MTL_ENABLE_DEBUG_INFO = NO;
				MTL_FAST_MATH = YES;
				SDKROOT = iphoneos;
				SWIFT_COMPILATION_MODE = wholemodule;
				SWIFT_OPTIMIZATION_LEVEL = "-O";
				VALIDATE_PRODUCT = YES;
			};
			name = Release;
		};
		7A7E2CC6268707BA00DA6ED8 /* Debug */ = {
			isa = XCBuildConfiguration;
			baseConfigurationReference = 3653078A0814F889F6605DDB /* Pods-homeWork2.11.debug.xcconfig */;
			buildSettings = {
				ASSETCATALOG_COMPILER_APPICON_NAME = AppIcon;
				ASSETCATALOG_COMPILER_GLOBAL_ACCENT_COLOR_NAME = AccentColor;
				CODE_SIGN_STYLE = Automatic;
				DEVELOPMENT_TEAM = J3726986L3;
				INFOPLIST_FILE = "homeWork2.11/Supporting files/Info.plist";
				IPHONEOS_DEPLOYMENT_TARGET = 14.1;
				LD_RUNPATH_SEARCH_PATHS = (
					"$(inherited)",
					"@executable_path/Frameworks",
				);
				PRODUCT_BUNDLE_IDENTIFIER = "Melasha.homeWork2-11";
				PRODUCT_NAME = "$(TARGET_NAME)";
				SWIFT_VERSION = 5.0;
				TARGETED_DEVICE_FAMILY = 1;
			};
			name = Debug;
		};
		7A7E2CC7268707BA00DA6ED8 /* Release */ = {
			isa = XCBuildConfiguration;
			baseConfigurationReference = C6730785B37BC6DDF66B9800 /* Pods-homeWork2.11.release.xcconfig */;
			buildSettings = {
				ASSETCATALOG_COMPILER_APPICON_NAME = AppIcon;
				ASSETCATALOG_COMPILER_GLOBAL_ACCENT_COLOR_NAME = AccentColor;
				CODE_SIGN_STYLE = Automatic;
				DEVELOPMENT_TEAM = J3726986L3;
				INFOPLIST_FILE = "homeWork2.11/Supporting files/Info.plist";
				IPHONEOS_DEPLOYMENT_TARGET = 14.1;
				LD_RUNPATH_SEARCH_PATHS = (
					"$(inherited)",
					"@executable_path/Frameworks",
				);
				PRODUCT_BUNDLE_IDENTIFIER = "Melasha.homeWork2-11";
				PRODUCT_NAME = "$(TARGET_NAME)";
				SWIFT_VERSION = 5.0;
				TARGETED_DEVICE_FAMILY = 1;
			};
			name = Release;
		};
/* End XCBuildConfiguration section */

/* Begin XCConfigurationList section */
		7A7E2CAC268707B800DA6ED8 /* Build configuration list for PBXProject "homeWork2.11" */ = {
			isa = XCConfigurationList;
			buildConfigurations = (
				7A7E2CC3268707BA00DA6ED8 /* Debug */,
				7A7E2CC4268707BA00DA6ED8 /* Release */,
			);
			defaultConfigurationIsVisible = 0;
			defaultConfigurationName = Release;
		};
		7A7E2CC5268707BA00DA6ED8 /* Build configuration list for PBXNativeTarget "homeWork2.11" */ = {
			isa = XCConfigurationList;
			buildConfigurations = (
				7A7E2CC6268707BA00DA6ED8 /* Debug */,
				7A7E2CC7268707BA00DA6ED8 /* Release */,
			);
			defaultConfigurationIsVisible = 0;
			defaultConfigurationName = Release;
		};
/* End XCConfigurationList section */
	};
	rootObject = 7A7E2CA9268707B800DA6ED8 /* Project object */;
}
